
Microsoft Visual Studio Solution File, Format Version 12.00
# Visual Studio Version 17
VisualStudioVersion = 17.13.35931.197
MinimumVisualStudioVersion = 10.0.40219.1
Project("{8BC9CEB8-8B4A-11D0-8D11-00A0C91BC942}") = "VectorSum", "VectorSum\VectorSum.vcxproj", "{71C2836B-22F7-CEA2-CE4A-9349FA1E9E94}"
EndProject
Project("{8BC9CEB8-8B4A-11D0-8D11-00A0C91BC942}") = "PixelGray", "PixelGray\PixelGray.vcxproj", "{82B79FF6-4F5B-9947-C1AD-9686024FCA30}"
EndProject
Project("{8BC9CEB8-8B4A-11D0-8D11-00A0C91BC942}") = "MatrixMultiplier", "MatrixMultiplier\MatrixMultiplier.vcxproj", "{52DE940B-7690-92A8-6C60-859E9D3A62C9}"
EndProject
Project("{8BC9CEB8-8B4A-11D0-8D11-00A0C91BC942}") = "SumReduction", "SumReduction\SumReduction.vcxproj", "{99AE915E-259A-7D26-2357-D04CB33747F4}"
EndProject
Global
	GlobalSection(SolutionConfigurationPlatforms) = preSolution
		Debug|x64 = Debug|x64
		Release|x64 = Release|x64
	EndGlobalSection
	GlobalSection(ProjectConfigurationPlatforms) = postSolution
		{71C2836B-22F7-CEA2-CE4A-9349FA1E9E94}.Debug|x64.ActiveCfg = Debug|x64
		{71C2836B-22F7-CEA2-CE4A-9349FA1E9E94}.Debug|x64.Build.0 = Debug|x64
		{71C2836B-22F7-CEA2-CE4A-9349FA1E9E94}.Release|x64.ActiveCfg = Release|x64
		{71C2836B-22F7-CEA2-CE4A-9349FA1E9E94}.Release|x64.Build.0 = Release|x64
		{82B79FF6-4F5B-9947-C1AD-9686024FCA30}.Debug|x64.ActiveCfg = Debug|x64
		{82B79FF6-4F5B-9947-C1AD-9686024FCA30}.Debug|x64.Build.0 = Debug|x64
		{82B79FF6-4F5B-9947-C1AD-9686024FCA30}.Release|x64.ActiveCfg = Release|x64
		{82B79FF6-4F5B-9947-C1AD-9686024FCA30}.Release|x64.Build.0 = Release|x64
		{52DE940B-7690-92A8-6C60-859E9D3A62C9}.Debug|x64.ActiveCfg = Debug|x64
		{52DE940B-7690-92A8-6C60-859E9D3A62C9}.Debug|x64.Build.0 = Debug|x64
		{52DE940B-7690-92A8-6C60-859E9D3A62C9}.Release|x64.ActiveCfg = Release|x64
		{52DE940B-7690-92A8-6C60-859E9D3A62C9}.Release|x64.Build.0 = Release|x64
		{99AE915E-259A-7D26-2357-D04CB33747F4}.Debug|x64.ActiveCfg = Debug|x64
		{99AE915E-259A-7D26-2357-D04CB33747F4}.Debug|x64.Build.0 = Debug|x64
		{99AE915E-259A-7D26-2357-D04CB33747F4}.Release|x64.ActiveCfg = Release|x64
		{99AE915E-259A-7D26-2357-D04CB33747F4}.Release|x64.Build.0 = Release|x64
	EndGlobalSection
	GlobalSection(SolutionProperties) = preSolution
		HideSolutionNode = FALSE
	EndGlobalSection
	GlobalSection(ExtensibilityGlobals) = postSolution
		SolutionGuid = {91E4CFAC-AC68-454B-BA8B-0FC14C08E070}
	EndGlobalSection
EndGlobal
